// !$*UTF8*$!
{
	archiveVersion = 1;
	classes = {
	};
	objectVersion = 56;
	objects = {

/* Begin PBXBuildFile section */
		0D037E122B3A556400908D1E /* SnapKit in Frameworks */ = {isa = PBXBuildFile; productRef = 0D037E112B3A556400908D1E /* SnapKit */; };
		0D037E142B3A556400908D1E /* SnapKit-Dynamic in Frameworks */ = {isa = PBXBuildFile; productRef = 0D037E132B3A556400908D1E /* SnapKit-Dynamic */; };
		0D037E172B3A556C00908D1E /* Alamofire in Frameworks */ = {isa = PBXBuildFile; productRef = 0D037E162B3A556C00908D1E /* Alamofire */; };
		0D037E4F2B3A732600908D1E /* Roboto-Bold.ttf in Resources */ = {isa = PBXBuildFile; fileRef = 0D037E4E2B3A732600908D1E /* Roboto-Bold.ttf */; };
		0D037E512B3A733900908D1E /* Roboto-Light.ttf in Resources */ = {isa = PBXBuildFile; fileRef = 0D037E502B3A733900908D1E /* Roboto-Light.ttf */; };
		0D037E532B3A735E00908D1E /* Roboto-Regular.ttf in Resources */ = {isa = PBXBuildFile; fileRef = 0D037E522B3A735E00908D1E /* Roboto-Regular.ttf */; };
		0D037E552B3A736A00908D1E /* Roboto-Medium.ttf in Resources */ = {isa = PBXBuildFile; fileRef = 0D037E542B3A736A00908D1E /* Roboto-Medium.ttf */; };
		0D3FF3582B3A531E006C29EE /* AppDelegate.swift in Sources */ = {isa = PBXBuildFile; fileRef = 0D3FF3572B3A531E006C29EE /* AppDelegate.swift */; };
		0D3FF35A2B3A531E006C29EE /* SceneDelegate.swift in Sources */ = {isa = PBXBuildFile; fileRef = 0D3FF3592B3A531E006C29EE /* SceneDelegate.swift */; };
		0D3FF3612B3A531F006C29EE /* Assets.xcassets in Resources */ = {isa = PBXBuildFile; fileRef = 0D3FF3602B3A531F006C29EE /* Assets.xcassets */; };
		0D3FF3642B3A531F006C29EE /* LaunchScreen.storyboard in Resources */ = {isa = PBXBuildFile; fileRef = 0D3FF3622B3A531F006C29EE /* LaunchScreen.storyboard */; };
		0D3FF36C2B3A5411006C29EE /* LoginVC.swift in Sources */ = {isa = PBXBuildFile; fileRef = 0D3FF36B2B3A5411006C29EE /* LoginVC.swift */; };
		0D68942E2B3CD1B7005F9546 /* NewAccVC.swift in Sources */ = {isa = PBXBuildFile; fileRef = 0D68942D2B3CD1B7005F9546 /* NewAccVC.swift */; };
		0D6894302B3CD217005F9546 /* HomeVC.swift in Sources */ = {isa = PBXBuildFile; fileRef = 0D68942F2B3CD217005F9546 /* HomeVC.swift */; };
/* End PBXBuildFile section */

/* Begin PBXFileReference section */
		0D037E4E2B3A732600908D1E /* Roboto-Bold.ttf */ = {isa = PBXFileReference; lastKnownFileType = file; path = "Roboto-Bold.ttf"; sourceTree = "<group>"; };
		0D037E502B3A733900908D1E /* Roboto-Light.ttf */ = {isa = PBXFileReference; lastKnownFileType = file; path = "Roboto-Light.ttf"; sourceTree = "<group>"; };
		0D037E522B3A735E00908D1E /* Roboto-Regular.ttf */ = {isa = PBXFileReference; lastKnownFileType = file; path = "Roboto-Regular.ttf"; sourceTree = "<group>"; };
		0D037E542B3A736A00908D1E /* Roboto-Medium.ttf */ = {isa = PBXFileReference; lastKnownFileType = file; path = "Roboto-Medium.ttf"; sourceTree = "<group>"; };
		0D3FF3542B3A531E006C29EE /* LatteLink.app */ = {isa = PBXFileReference; explicitFileType = wrapper.application; includeInIndex = 0; path = LatteLink.app; sourceTree = BUILT_PRODUCTS_DIR; };
		0D3FF3572B3A531E006C29EE /* AppDelegate.swift */ = {isa = PBXFileReference; lastKnownFileType = sourcecode.swift; path = AppDelegate.swift; sourceTree = "<group>"; };
		0D3FF3592B3A531E006C29EE /* SceneDelegate.swift */ = {isa = PBXFileReference; lastKnownFileType = sourcecode.swift; path = SceneDelegate.swift; sourceTree = "<group>"; };
		0D3FF3602B3A531F006C29EE /* Assets.xcassets */ = {isa = PBXFileReference; lastKnownFileType = folder.assetcatalog; path = Assets.xcassets; sourceTree = "<group>"; };
		0D3FF3632B3A531F006C29EE /* Base */ = {isa = PBXFileReference; lastKnownFileType = file.storyboard; name = Base; path = Base.lproj/LaunchScreen.storyboard; sourceTree = "<group>"; };
		0D3FF3652B3A531F006C29EE /* Info.plist */ = {isa = PBXFileReference; lastKnownFileType = text.plist.xml; path = Info.plist; sourceTree = "<group>"; };
		0D3FF36B2B3A5411006C29EE /* LoginVC.swift */ = {isa = PBXFileReference; lastKnownFileType = sourcecode.swift; path = LoginVC.swift; sourceTree = "<group>"; };
		0D68942D2B3CD1B7005F9546 /* NewAccVC.swift */ = {isa = PBXFileReference; lastKnownFileType = sourcecode.swift; path = NewAccVC.swift; sourceTree = "<group>"; };
		0D68942F2B3CD217005F9546 /* HomeVC.swift */ = {isa = PBXFileReference; lastKnownFileType = sourcecode.swift; path = HomeVC.swift; sourceTree = "<group>"; };
/* End PBXFileReference section */

/* Begin PBXFrameworksBuildPhase section */
		0D3FF3512B3A531E006C29EE /* Frameworks */ = {
			isa = PBXFrameworksBuildPhase;
			buildActionMask = 2147483647;
			files = (
				0D037E172B3A556C00908D1E /* Alamofire in Frameworks */,
				0D037E122B3A556400908D1E /* SnapKit in Frameworks */,
				0D037E142B3A556400908D1E /* SnapKit-Dynamic in Frameworks */,
			);
			runOnlyForDeploymentPostprocessing = 0;
		};
/* End PBXFrameworksBuildPhase section */

/* Begin PBXGroup section */
		0D037E4D2B3A72F300908D1E /* Font */ = {
			isa = PBXGroup;
			children = (
				0D037E542B3A736A00908D1E /* Roboto-Medium.ttf */,
				0D037E522B3A735E00908D1E /* Roboto-Regular.ttf */,
				0D037E502B3A733900908D1E /* Roboto-Light.ttf */,
				0D037E4E2B3A732600908D1E /* Roboto-Bold.ttf */,
			);
			path = Font;
			sourceTree = "<group>";
		};
		0D3FF34B2B3A531E006C29EE = {
			isa = PBXGroup;
			children = (
				0D3FF3562B3A531E006C29EE /* LatteLink */,
				0D3FF3552B3A531E006C29EE /* Products */,
			);
			sourceTree = "<group>";
		};
		0D3FF3552B3A531E006C29EE /* Products */ = {
			isa = PBXGroup;
			children = (
				0D3FF3542B3A531E006C29EE /* LatteLink.app */,
			);
			name = Products;
			sourceTree = "<group>";
		};
		0D3FF3562B3A531E006C29EE /* LatteLink */ = {
			isa = PBXGroup;
			children = (
				0D6894342B3CD3BA005F9546 /* LoginAndCreate */,
				0D3FF3652B3A531F006C29EE /* Info.plist */,
				0D3FF3602B3A531F006C29EE /* Assets.xcassets */,
				0D037E4D2B3A72F300908D1E /* Font */,
				0D3FF3622B3A531F006C29EE /* LaunchScreen.storyboard */,
				0D3FF3572B3A531E006C29EE /* AppDelegate.swift */,
				0D3FF3592B3A531E006C29EE /* SceneDelegate.swift */,
			);
			path = LatteLink;
			sourceTree = "<group>";
		};
		0D6894342B3CD3BA005F9546 /* LoginAndCreate */ = {
			isa = PBXGroup;
			children = (
				0D3FF36B2B3A5411006C29EE /* LoginVC.swift */,
				0D68942D2B3CD1B7005F9546 /* NewAccVC.swift */,
				0D68942F2B3CD217005F9546 /* HomeVC.swift */,
			);
			path = LoginAndCreate;
			sourceTree = "<group>";
		};
/* End PBXGroup section */

/* Begin PBXNativeTarget section */
		0D3FF3532B3A531E006C29EE /* LatteLink */ = {
			isa = PBXNativeTarget;
			buildConfigurationList = 0D3FF3682B3A531F006C29EE /* Build configuration list for PBXNativeTarget "LatteLink" */;
			buildPhases = (
				0D3FF3502B3A531E006C29EE /* Sources */,
				0D3FF3512B3A531E006C29EE /* Frameworks */,
				0D3FF3522B3A531E006C29EE /* Resources */,
			);
			buildRules = (
			);
			dependencies = (
			);
			name = LatteLink;
			packageProductDependencies = (
				0D037E112B3A556400908D1E /* SnapKit */,
				0D037E132B3A556400908D1E /* SnapKit-Dynamic */,
				0D037E162B3A556C00908D1E /* Alamofire */,
			);
			productName = LatteLink;
			productReference = 0D3FF3542B3A531E006C29EE /* LatteLink.app */;
			productType = "com.apple.product-type.application";
		};
/* End PBXNativeTarget section */

/* Begin PBXProject section */
		0D3FF34C2B3A531E006C29EE /* Project object */ = {
			isa = PBXProject;
			attributes = {
				BuildIndependentTargetsInParallel = 1;
				LastSwiftUpdateCheck = 1510;
				LastUpgradeCheck = 1510;
				TargetAttributes = {
					0D3FF3532B3A531E006C29EE = {
						CreatedOnToolsVersion = 15.1;
					};
				};
			};
			buildConfigurationList = 0D3FF34F2B3A531E006C29EE /* Build configuration list for PBXProject "LatteLink" */;
			compatibilityVersion = "Xcode 14.0";
			developmentRegion = en;
			hasScannedForEncodings = 0;
			knownRegions = (
				en,
				Base,
			);
			mainGroup = 0D3FF34B2B3A531E006C29EE;
			packageReferences = (
				0D037E102B3A556400908D1E /* XCRemoteSwiftPackageReference "SnapKit" */,
				0D037E152B3A556C00908D1E /* XCRemoteSwiftPackageReference "Alamofire" */,
			);
			productRefGroup = 0D3FF3552B3A531E006C29EE /* Products */;
			projectDirPath = "";
			projectRoot = "";
			targets = (
				0D3FF3532B3A531E006C29EE /* LatteLink */,
			);
		};
/* End PBXProject section */

/* Begin PBXResourcesBuildPhase section */
		0D3FF3522B3A531E006C29EE /* Resources */ = {
			isa = PBXResourcesBuildPhase;
			buildActionMask = 2147483647;
			files = (
				0D3FF3642B3A531F006C29EE /* LaunchScreen.storyboard in Resources */,
				0D3FF3612B3A531F006C29EE /* Assets.xcassets in Resources */,
				0D037E552B3A736A00908D1E /* Roboto-Medium.ttf in Resources */,
				0D037E532B3A735E00908D1E /* Roboto-Regular.ttf in Resources */,
				0D037E512B3A733900908D1E /* Roboto-Light.ttf in Resources */,
				0D037E4F2B3A732600908D1E /* Roboto-Bold.ttf in Resources */,
			);
			runOnlyForDeploymentPostprocessing = 0;
		};
/* End PBXResourcesBuildPhase section */

/* Begin PBXSourcesBuildPhase section */
		0D3FF3502B3A531E006C29EE /* Sources */ = {
			isa = PBXSourcesBuildPhase;
			buildActionMask = 2147483647;
			files = (
				0D3FF3582B3A531E006C29EE /* AppDelegate.swift in Sources */,
				0D6894302B3CD217005F9546 /* HomeVC.swift in Sources */,
				0D3FF35A2B3A531E006C29EE /* SceneDelegate.swift in Sources */,
				0D3FF36C2B3A5411006C29EE /* LoginVC.swift in Sources */,
				0D68942E2B3CD1B7005F9546 /* NewAccVC.swift in Sources */,
			);
			runOnlyForDeploymentPostprocessing = 0;
		};
/* End PBXSourcesBuildPhase section */

/* Begin PBXVariantGroup section */
		0D3FF3622B3A531F006C29EE /* LaunchScreen.storyboard */ = {
			isa = PBXVariantGroup;
			children = (
				0D3FF3632B3A531F006C29EE /* Base */,
			);
			name = LaunchScreen.storyboard;
			sourceTree = "<group>";
		};
/* End PBXVariantGroup section */

/* Begin XCBuildConfiguration section */
		0D3FF3662B3A531F006C29EE /* Debug */ = {
			isa = XCBuildConfiguration;
			buildSettings = {
				ALWAYS_SEARCH_USER_PATHS = NO;
				ASSETCATALOG_COMPILER_GENERATE_SWIFT_ASSET_SYMBOL_EXTENSIONS = YES;
				CLANG_ANALYZER_NONNULL = YES;
				CLANG_ANALYZER_NUMBER_OBJECT_CONVERSION = YES_AGGRESSIVE;
				CLANG_CXX_LANGUAGE_STANDARD = "gnu++20";
				CLANG_ENABLE_MODULES = YES;
				CLANG_ENABLE_OBJC_ARC = YES;
				CLANG_ENABLE_OBJC_WEAK = YES;
				CLANG_WARN_BLOCK_CAPTURE_AUTORELEASING = YES;
				CLANG_WARN_BOOL_CONVERSION = YES;
				CLANG_WARN_COMMA = YES;
				CLANG_WARN_CONSTANT_CONVERSION = YES;
				CLANG_WARN_DEPRECATED_OBJC_IMPLEMENTATIONS = YES;
				CLANG_WARN_DIRECT_OBJC_ISA_USAGE = YES_ERROR;
				CLANG_WARN_DOCUMENTATION_COMMENTS = YES;
				CLANG_WARN_EMPTY_BODY = YES;
				CLANG_WARN_ENUM_CONVERSION = YES;
				CLANG_WARN_INFINITE_RECURSION = YES;
				CLANG_WARN_INT_CONVERSION = YES;
				CLANG_WARN_NON_LITERAL_NULL_CONVERSION = YES;
				CLANG_WARN_OBJC_IMPLICIT_RETAIN_SELF = YES;
				CLANG_WARN_OBJC_LITERAL_CONVERSION = YES;
				CLANG_WARN_OBJC_ROOT_CLASS = YES_ERROR;
				CLANG_WARN_QUOTED_INCLUDE_IN_FRAMEWORK_HEADER = YES;
				CLANG_WARN_RANGE_LOOP_ANALYSIS = YES;
				CLANG_WARN_STRICT_PROTOTYPES = YES;
				CLANG_WARN_SUSPICIOUS_MOVE = YES;
				CLANG_WARN_UNGUARDED_AVAILABILITY = YES_AGGRESSIVE;
				CLANG_WARN_UNREACHABLE_CODE = YES;
				CLANG_WARN__DUPLICATE_METHOD_MATCH = YES;
				COPY_PHASE_STRIP = NO;
				DEBUG_INFORMATION_FORMAT = dwarf;
				ENABLE_STRICT_OBJC_MSGSEND = YES;
				ENABLE_TESTABILITY = YES;
				ENABLE_USER_SCRIPT_SANDBOXING = YES;
				GCC_C_LANGUAGE_STANDARD = gnu17;
				GCC_DYNAMIC_NO_PIC = NO;
				GCC_NO_COMMON_BLOCKS = YES;
				GCC_OPTIMIZATION_LEVEL = 0;
				GCC_PREPROCESSOR_DEFINITIONS = (
					"DEBUG=1",
					"$(inherited)",
				);
				GCC_WARN_64_TO_32_BIT_CONVERSION = YES;
				GCC_WARN_ABOUT_RETURN_TYPE = YES_ERROR;
				GCC_WARN_UNDECLARED_SELECTOR = YES;
				GCC_WARN_UNINITIALIZED_AUTOS = YES_AGGRESSIVE;
				GCC_WARN_UNUSED_FUNCTION = YES;
				GCC_WARN_UNUSED_VARIABLE = YES;
				IPHONEOS_DEPLOYMENT_TARGET = 17.2;
				LOCALIZATION_PREFERS_STRING_CATALOGS = YES;
				MTL_ENABLE_DEBUG_INFO = INCLUDE_SOURCE;
				MTL_FAST_MATH = YES;
				ONLY_ACTIVE_ARCH = YES;
				SDKROOT = iphoneos;
				SWIFT_ACTIVE_COMPILATION_CONDITIONS = "DEBUG $(inherited)";
				SWIFT_OPTIMIZATION_LEVEL = "-Onone";
			};
			name = Debug;
		};
		0D3FF3672B3A531F006C29EE /* Release */ = {
			isa = XCBuildConfiguration;
			buildSettings = {
				ALWAYS_SEARCH_USER_PATHS = NO;
				ASSETCATALOG_COMPILER_GENERATE_SWIFT_ASSET_SYMBOL_EXTENSIONS = YES;
				CLANG_ANALYZER_NONNULL = YES;
				CLANG_ANALYZER_NUMBER_OBJECT_CONVERSION = YES_AGGRESSIVE;
				CLANG_CXX_LANGUAGE_STANDARD = "gnu++20";
				CLANG_ENABLE_MODULES = YES;
				CLANG_ENABLE_OBJC_ARC = YES;
				CLANG_ENABLE_OBJC_WEAK = YES;
				CLANG_WARN_BLOCK_CAPTURE_AUTORELEASING = YES;
				CLANG_WARN_BOOL_CONVERSION = YES;
				CLANG_WARN_COMMA = YES;
				CLANG_WARN_CONSTANT_CONVERSION = YES;
				CLANG_WARN_DEPRECATED_OBJC_IMPLEMENTATIONS = YES;
				CLANG_WARN_DIRECT_OBJC_ISA_USAGE = YES_ERROR;
				CLANG_WARN_DOCUMENTATION_COMMENTS = YES;
				CLANG_WARN_EMPTY_BODY = YES;
				CLANG_WARN_ENUM_CONVERSION = YES;
				CLANG_WARN_INFINITE_RECURSION = YES;
				CLANG_WARN_INT_CONVERSION = YES;
				CLANG_WARN_NON_LITERAL_NULL_CONVERSION = YES;
				CLANG_WARN_OBJC_IMPLICIT_RETAIN_SELF = YES;
				CLANG_WARN_OBJC_LITERAL_CONVERSION = YES;
				CLANG_WARN_OBJC_ROOT_CLASS = YES_ERROR;
				CLANG_WARN_QUOTED_INCLUDE_IN_FRAMEWORK_HEADER = YES;
				CLANG_WARN_RANGE_LOOP_ANALYSIS = YES;
				CLANG_WARN_STRICT_PROTOTYPES = YES;
				CLANG_WARN_SUSPICIOUS_MOVE = YES;
				CLANG_WARN_UNGUARDED_AVAILABILITY = YES_AGGRESSIVE;
				CLANG_WARN_UNREACHABLE_CODE = YES;
				CLANG_WARN__DUPLICATE_METHOD_MATCH = YES;
				COPY_PHASE_STRIP = NO;
				DEBUG_INFORMATION_FORMAT = "dwarf-with-dsym";
				ENABLE_NS_ASSERTIONS = NO;
				ENABLE_STRICT_OBJC_MSGSEND = YES;
				ENABLE_USER_SCRIPT_SANDBOXING = YES;
				GCC_C_LANGUAGE_STANDARD = gnu17;
				GCC_NO_COMMON_BLOCKS = YES;
				GCC_WARN_64_TO_32_BIT_CONVERSION = YES;
				GCC_WARN_ABOUT_RETURN_TYPE = YES_ERROR;
				GCC_WARN_UNDECLARED_SELECTOR = YES;
				GCC_WARN_UNINITIALIZED_AUTOS = YES_AGGRESSIVE;
				GCC_WARN_UNUSED_FUNCTION = YES;
				GCC_WARN_UNUSED_VARIABLE = YES;
				IPHONEOS_DEPLOYMENT_TARGET = 17.2;
				LOCALIZATION_PREFERS_STRING_CATALOGS = YES;
				MTL_ENABLE_DEBUG_INFO = NO;
				MTL_FAST_MATH = YES;
				SDKROOT = iphoneos;
				SWIFT_COMPILATION_MODE = wholemodule;
				VALIDATE_PRODUCT = YES;
			};
			name = Release;
		};
		0D3FF3692B3A531F006C29EE /* Debug */ = {
			isa = XCBuildConfiguration;
			buildSettings = {
				ASSETCATALOG_COMPILER_APPICON_NAME = AppIcon;
				ASSETCATALOG_COMPILER_GLOBAL_ACCENT_COLOR_NAME = AccentColor;
				CODE_SIGN_STYLE = Automatic;
				CURRENT_PROJECT_VERSION = 1;
				DEVELOPMENT_TEAM = Y74N333BTK;
				GENERATE_INFOPLIST_FILE = YES;
				INFOPLIST_FILE = LatteLink/Info.plist;
				INFOPLIST_KEY_UIApplicationSupportsIndirectInputEvents = YES;
				INFOPLIST_KEY_UILaunchStoryboardName = LaunchScreen;
				INFOPLIST_KEY_UISupportedInterfaceOrientations_iPad = "UIInterfaceOrientationPortrait UIInterfaceOrientationPortraitUpsideDown UIInterfaceOrientationLandscapeLeft UIInterfaceOrientationLandscapeRight";
				INFOPLIST_KEY_UISupportedInterfaceOrientations_iPhone = "UIInterfaceOrientationPortrait UIInterfaceOrientationLandscapeLeft UIInterfaceOrientationLandscapeRight";
				LD_RUNPATH_SEARCH_PATHS = (
					"$(inherited)",
					"@executable_path/Frameworks",
				);
				MARKETING_VERSION = 1.0;
				PRODUCT_BUNDLE_IDENTIFIER = kych2204.LatteLink;
				PRODUCT_NAME = "$(TARGET_NAME)";
				SWIFT_EMIT_LOC_STRINGS = YES;
				SWIFT_VERSION = 5.0;
				TARGETED_DEVICE_FAMILY = "1,2";
			};
			name = Debug;
		};
		0D3FF36A2B3A531F006C29EE /* Release */ = {
			isa = XCBuildConfiguration;
			buildSettings = {
				ASSETCATALOG_COMPILER_APPICON_NAME = AppIcon;
				ASSETCATALOG_COMPILER_GLOBAL_ACCENT_COLOR_NAME = AccentColor;
				CODE_SIGN_STYLE = Automatic;
				CURRENT_PROJECT_VERSION = 1;
				DEVELOPMENT_TEAM = Y74N333BTK;
				GENERATE_INFOPLIST_FILE = YES;
				INFOPLIST_FILE = LatteLink/Info.plist;
				INFOPLIST_KEY_UIApplicationSupportsIndirectInputEvents = YES;
				INFOPLIST_KEY_UILaunchStoryboardName = LaunchScreen;
				INFOPLIST_KEY_UISupportedInterfaceOrientations_iPad = "UIInterfaceOrientationPortrait UIInterfaceOrientationPortraitUpsideDown UIInterfaceOrientationLandscapeLeft UIInterfaceOrientationLandscapeRight";
				INFOPLIST_KEY_UISupportedInterfaceOrientations_iPhone = "UIInterfaceOrientationPortrait UIInterfaceOrientationLandscapeLeft UIInterfaceOrientationLandscapeRight";
				LD_RUNPATH_SEARCH_PATHS = (
					"$(inherited)",
					"@executable_path/Frameworks",
				);
				MARKETING_VERSION = 1.0;
				PRODUCT_BUNDLE_IDENTIFIER = kych2204.LatteLink;
				PRODUCT_NAME = "$(TARGET_NAME)";
				SWIFT_EMIT_LOC_STRINGS = YES;
				SWIFT_VERSION = 5.0;
				TARGETED_DEVICE_FAMILY = "1,2";
			};
			name = Release;
		};
/* End XCBuildConfiguration section */

/* Begin XCConfigurationList section */
		0D3FF34F2B3A531E006C29EE /* Build configuration list for PBXProject "LatteLink" */ = {
			isa = XCConfigurationList;
			buildConfigurations = (
				0D3FF3662B3A531F006C29EE /* Debug */,
				0D3FF3672B3A531F006C29EE /* Release */,
			);
			defaultConfigurationIsVisible = 0;
			defaultConfigurationName = Release;
		};
		0D3FF3682B3A531F006C29EE /* Build configuration list for PBXNativeTarget "LatteLink" */ = {
			isa = XCConfigurationList;
			buildConfigurations = (
				0D3FF3692B3A531F006C29EE /* Debug */,
				0D3FF36A2B3A531F006C29EE /* Release */,
			);
			defaultConfigurationIsVisible = 0;
			defaultConfigurationName = Release;
		};
/* End XCConfigurationList section */

/* Begin XCRemoteSwiftPackageReference section */
		0D037E102B3A556400908D1E /* XCRemoteSwiftPackageReference "SnapKit" */ = {
			isa = XCRemoteSwiftPackageReference;
			repositoryURL = "https://github.com/SnapKit/SnapKit.git";
			requirement = {
				kind = upToNextMajorVersion;
				minimumVersion = 5.6.0;
			};
		};
		0D037E152B3A556C00908D1E /* XCRemoteSwiftPackageReference "Alamofire" */ = {
			isa = XCRemoteSwiftPackageReference;
			repositoryURL = "https://github.com/Alamofire/Alamofire.git";
			requirement = {
				kind = upToNextMajorVersion;
				minimumVersion = 5.8.1;
			};
		};
/* End XCRemoteSwiftPackageReference section */

/* Begin XCSwiftPackageProductDependency section */
		0D037E112B3A556400908D1E /* SnapKit */ = {
			isa = XCSwiftPackageProductDependency;
			package = 0D037E102B3A556400908D1E /* XCRemoteSwiftPackageReference "SnapKit" */;
			productName = SnapKit;
		};
		0D037E132B3A556400908D1E /* SnapKit-Dynamic */ = {
			isa = XCSwiftPackageProductDependency;
			package = 0D037E102B3A556400908D1E /* XCRemoteSwiftPackageReference "SnapKit" */;
			productName = "SnapKit-Dynamic";
		};
		0D037E162B3A556C00908D1E /* Alamofire */ = {
			isa = XCSwiftPackageProductDependency;
			package = 0D037E152B3A556C00908D1E /* XCRemoteSwiftPackageReference "Alamofire" */;
			productName = Alamofire;
		};
/* End XCSwiftPackageProductDependency section */
	};
	rootObject = 0D3FF34C2B3A531E006C29EE /* Project object */;
}
